// !$*UTF8*$!
{
	archiveVersion = 1;
	classes = {
	};
	objectVersion = 50;
	objects = {

/* Begin PBXBuildFile section */
		C6E3126F2426F63800286997 /* AppDelegate.swift in Sources */ = {isa = PBXBuildFile; fileRef = C6E3126E2426F63800286997 /* AppDelegate.swift */; };
		C6E312712426F63800286997 /* SceneDelegate.swift in Sources */ = {isa = PBXBuildFile; fileRef = C6E312702426F63800286997 /* SceneDelegate.swift */; };
		C6E312742426F63800286997 /* iOS.xcdatamodeld in Sources */ = {isa = PBXBuildFile; fileRef = C6E312722426F63800286997 /* iOS.xcdatamodeld */; };
		C6E312762426F63800286997 /* ContentView.swift in Sources */ = {isa = PBXBuildFile; fileRef = C6E312752426F63800286997 /* ContentView.swift */; };
		C6E312782426F63A00286997 /* Assets.xcassets in Resources */ = {isa = PBXBuildFile; fileRef = C6E312772426F63A00286997 /* Assets.xcassets */; };
		C6E3127B2426F63A00286997 /* Preview Assets.xcassets in Resources */ = {isa = PBXBuildFile; fileRef = C6E3127A2426F63A00286997 /* Preview Assets.xcassets */; };
		C6E3127E2426F63A00286997 /* LaunchScreen.storyboard in Resources */ = {isa = PBXBuildFile; fileRef = C6E3127C2426F63A00286997 /* LaunchScreen.storyboard */; };
		C6E312892426F63A00286997 /* iOSTests.swift in Sources */ = {isa = PBXBuildFile; fileRef = C6E312882426F63A00286997 /* iOSTests.swift */; };
		C6E312942426F63A00286997 /* iOSUITests.swift in Sources */ = {isa = PBXBuildFile; fileRef = C6E312932426F63A00286997 /* iOSUITests.swift */; };
/* End PBXBuildFile section */

/* Begin PBXContainerItemProxy section */
		C6E312852426F63A00286997 /* PBXContainerItemProxy */ = {
			isa = PBXContainerItemProxy;
			containerPortal = C6E312632426F63800286997 /* Project object */;
			proxyType = 1;
			remoteGlobalIDString = C6E3126A2426F63800286997;
			remoteInfo = iOS;
		};
		C6E312902426F63A00286997 /* PBXContainerItemProxy */ = {
			isa = PBXContainerItemProxy;
			containerPortal = C6E312632426F63800286997 /* Project object */;
			proxyType = 1;
			remoteGlobalIDString = C6E3126A2426F63800286997;
			remoteInfo = iOS;
		};
/* End PBXContainerItemProxy section */

/* Begin PBXFileReference section */
		C6E3126B2426F63800286997 /* iOS.app */ = {isa = PBXFileReference; explicitFileType = wrapper.application; includeInIndex = 0; path = iOS.app; sourceTree = BUILT_PRODUCTS_DIR; };
		C6E3126E2426F63800286997 /* AppDelegate.swift */ = {isa = PBXFileReference; lastKnownFileType = sourcecode.swift; path = AppDelegate.swift; sourceTree = "<group>"; };
		C6E312702426F63800286997 /* SceneDelegate.swift */ = {isa = PBXFileReference; lastKnownFileType = sourcecode.swift; path = SceneDelegate.swift; sourceTree = "<group>"; };
		C6E312732426F63800286997 /* iOS.xcdatamodel */ = {isa = PBXFileReference; lastKnownFileType = wrapper.xcdatamodel; path = iOS.xcdatamodel; sourceTree = "<group>"; };
		C6E312752426F63800286997 /* ContentView.swift */ = {isa = PBXFileReference; lastKnownFileType = sourcecode.swift; path = ContentView.swift; sourceTree = "<group>"; };
		C6E312772426F63A00286997 /* Assets.xcassets */ = {isa = PBXFileReference; lastKnownFileType = folder.assetcatalog; path = Assets.xcassets; sourceTree = "<group>"; };
		C6E3127A2426F63A00286997 /* Preview Assets.xcassets */ = {isa = PBXFileReference; lastKnownFileType = folder.assetcatalog; path = "Preview Assets.xcassets"; sourceTree = "<group>"; };
		C6E3127D2426F63A00286997 /* Base */ = {isa = PBXFileReference; lastKnownFileType = file.storyboard; name = Base; path = Base.lproj/LaunchScreen.storyboard; sourceTree = "<group>"; };
		C6E3127F2426F63A00286997 /* Info.plist */ = {isa = PBXFileReference; lastKnownFileType = text.plist.xml; path = Info.plist; sourceTree = "<group>"; };
		C6E312842426F63A00286997 /* iOSTests.xctest */ = {isa = PBXFileReference; explicitFileType = wrapper.cfbundle; includeInIndex = 0; path = iOSTests.xctest; sourceTree = BUILT_PRODUCTS_DIR; };
		C6E312882426F63A00286997 /* iOSTests.swift */ = {isa = PBXFileReference; lastKnownFileType = sourcecode.swift; path = iOSTests.swift; sourceTree = "<group>"; };
		C6E3128A2426F63A00286997 /* Info.plist */ = {isa = PBXFileReference; lastKnownFileType = text.plist.xml; path = Info.plist; sourceTree = "<group>"; };
		C6E3128F2426F63A00286997 /* iOSUITests.xctest */ = {isa = PBXFileReference; explicitFileType = wrapper.cfbundle; includeInIndex = 0; path = iOSUITests.xctest; sourceTree = BUILT_PRODUCTS_DIR; };
		C6E312932426F63A00286997 /* iOSUITests.swift */ = {isa = PBXFileReference; lastKnownFileType = sourcecode.swift; path = iOSUITests.swift; sourceTree = "<group>"; };
		C6E312952426F63A00286997 /* Info.plist */ = {isa = PBXFileReference; lastKnownFileType = text.plist.xml; path = Info.plist; sourceTree = "<group>"; };
/* End PBXFileReference section */

/* Begin PBXFrameworksBuildPhase section */
		C6E312682426F63800286997 /* Frameworks */ = {
			isa = PBXFrameworksBuildPhase;
			buildActionMask = 2147483647;
			files = (
			);
			runOnlyForDeploymentPostprocessing = 0;
		};
		C6E312812426F63A00286997 /* Frameworks */ = {
			isa = PBXFrameworksBuildPhase;
			buildActionMask = 2147483647;
			files = (
			);
			runOnlyForDeploymentPostprocessing = 0;
		};
		C6E3128C2426F63A00286997 /* Frameworks */ = {
			isa = PBXFrameworksBuildPhase;
			buildActionMask = 2147483647;
			files = (
			);
			runOnlyForDeploymentPostprocessing = 0;
		};
/* End PBXFrameworksBuildPhase section */

/* Begin PBXGroup section */
		C6E312622426F63800286997 = {
			isa = PBXGroup;
			children = (
				C6E3126D2426F63800286997 /* iOS */,
				C6E312872426F63A00286997 /* iOSTests */,
				C6E312922426F63A00286997 /* iOSUITests */,
				C6E3126C2426F63800286997 /* Products */,
			);
			sourceTree = "<group>";
		};
		C6E3126C2426F63800286997 /* Products */ = {
			isa = PBXGroup;
			children = (
				C6E3126B2426F63800286997 /* iOS.app */,
				C6E312842426F63A00286997 /* iOSTests.xctest */,
				C6E3128F2426F63A00286997 /* iOSUITests.xctest */,
			);
			name = Products;
			sourceTree = "<group>";
		};
		C6E3126D2426F63800286997 /* iOS */ = {
			isa = PBXGroup;
			children = (
				C6E3126E2426F63800286997 /* AppDelegate.swift */,
				C6E312702426F63800286997 /* SceneDelegate.swift */,
				C6E312752426F63800286997 /* ContentView.swift */,
				C6E312772426F63A00286997 /* Assets.xcassets */,
				C6E3127C2426F63A00286997 /* LaunchScreen.storyboard */,
				C6E3127F2426F63A00286997 /* Info.plist */,
				C6E312722426F63800286997 /* iOS.xcdatamodeld */,
				C6E312792426F63A00286997 /* Preview Content */,
			);
			path = iOS;
			sourceTree = "<group>";
		};
		C6E312792426F63A00286997 /* Preview Content */ = {
			isa = PBXGroup;
			children = (
				C6E3127A2426F63A00286997 /* Preview Assets.xcassets */,
			);
			path = "Preview Content";
			sourceTree = "<group>";
		};
		C6E312872426F63A00286997 /* iOSTests */ = {
			isa = PBXGroup;
			children = (
				C6E312882426F63A00286997 /* iOSTests.swift */,
				C6E3128A2426F63A00286997 /* Info.plist */,
			);
			path = iOSTests;
			sourceTree = "<group>";
		};
		C6E312922426F63A00286997 /* iOSUITests */ = {
			isa = PBXGroup;
			children = (
				C6E312932426F63A00286997 /* iOSUITests.swift */,
				C6E312952426F63A00286997 /* Info.plist */,
			);
			path = iOSUITests;
			sourceTree = "<group>";
		};
/* End PBXGroup section */

/* Begin PBXNativeTarget section */
		C6E3126A2426F63800286997 /* iOS */ = {
			isa = PBXNativeTarget;
			buildConfigurationList = C6E312982426F63A00286997 /* Build configuration list for PBXNativeTarget "iOS" */;
			buildPhases = (
				C6E312672426F63800286997 /* Sources */,
				C6E312682426F63800286997 /* Frameworks */,
				C6E312692426F63800286997 /* Resources */,
			);
			buildRules = (
			);
			dependencies = (
			);
			name = iOS;
			productName = iOS;
			productReference = C6E3126B2426F63800286997 /* iOS.app */;
			productType = "com.apple.product-type.application";
		};
		C6E312832426F63A00286997 /* iOSTests */ = {
			isa = PBXNativeTarget;
			buildConfigurationList = C6E3129B2426F63A00286997 /* Build configuration list for PBXNativeTarget "iOSTests" */;
			buildPhases = (
				C6E312802426F63A00286997 /* Sources */,
				C6E312812426F63A00286997 /* Frameworks */,
				C6E312822426F63A00286997 /* Resources */,
			);
			buildRules = (
			);
			dependencies = (
				C6E312862426F63A00286997 /* PBXTargetDependency */,
			);
			name = iOSTests;
			productName = iOSTests;
			productReference = C6E312842426F63A00286997 /* iOSTests.xctest */;
			productType = "com.apple.product-type.bundle.unit-test";
		};
		C6E3128E2426F63A00286997 /* iOSUITests */ = {
			isa = PBXNativeTarget;
			buildConfigurationList = C6E3129E2426F63A00286997 /* Build configuration list for PBXNativeTarget "iOSUITests" */;
			buildPhases = (
				C6E3128B2426F63A00286997 /* Sources */,
				C6E3128C2426F63A00286997 /* Frameworks */,
				C6E3128D2426F63A00286997 /* Resources */,
			);
			buildRules = (
			);
			dependencies = (
				C6E312912426F63A00286997 /* PBXTargetDependency */,
			);
			name = iOSUITests;
			productName = iOSUITests;
			productReference = C6E3128F2426F63A00286997 /* iOSUITests.xctest */;
			productType = "com.apple.product-type.bundle.ui-testing";
		};
/* End PBXNativeTarget section */

/* Begin PBXProject section */
		C6E312632426F63800286997 /* Project object */ = {
			isa = PBXProject;
			attributes = {
				LastSwiftUpdateCheck = 1130;
				LastUpgradeCheck = 1130;
				ORGANIZATIONNAME = "COVID19-UTEC";
				TargetAttributes = {
					C6E3126A2426F63800286997 = {
						CreatedOnToolsVersion = 11.3.1;
					};
					C6E312832426F63A00286997 = {
						CreatedOnToolsVersion = 11.3.1;
						TestTargetID = C6E3126A2426F63800286997;
					};
					C6E3128E2426F63A00286997 = {
						CreatedOnToolsVersion = 11.3.1;
						TestTargetID = C6E3126A2426F63800286997;
					};
				};
			};
			buildConfigurationList = C6E312662426F63800286997 /* Build configuration list for PBXProject "iOS" */;
			compatibilityVersion = "Xcode 9.3";
			developmentRegion = en;
			hasScannedForEncodings = 0;
			knownRegions = (
				en,
				Base,
			);
			mainGroup = C6E312622426F63800286997;
			productRefGroup = C6E3126C2426F63800286997 /* Products */;
			projectDirPath = "";
			projectRoot = "";
			targets = (
				C6E3126A2426F63800286997 /* iOS */,
				C6E312832426F63A00286997 /* iOSTests */,
				C6E3128E2426F63A00286997 /* iOSUITests */,
			);
		};
/* End PBXProject section */

/* Begin PBXResourcesBuildPhase section */
		C6E312692426F63800286997 /* Resources */ = {
			isa = PBXResourcesBuildPhase;
			buildActionMask = 2147483647;
			files = (
				C6E3127E2426F63A00286997 /* LaunchScreen.storyboard in Resources */,
				C6E3127B2426F63A00286997 /* Preview Assets.xcassets in Resources */,
				C6E312782426F63A00286997 /* Assets.xcassets in Resources */,
			);
			runOnlyForDeploymentPostprocessing = 0;
		};
		C6E312822426F63A00286997 /* Resources */ = {
			isa = PBXResourcesBuildPhase;
			buildActionMask = 2147483647;
			files = (
			);
			runOnlyForDeploymentPostprocessing = 0;
		};
		C6E3128D2426F63A00286997 /* Resources */ = {
			isa = PBXResourcesBuildPhase;
			buildActionMask = 2147483647;
			files = (
			);
			runOnlyForDeploymentPostprocessing = 0;
		};
/* End PBXResourcesBuildPhase section */

/* Begin PBXSourcesBuildPhase section */
		C6E312672426F63800286997 /* Sources */ = {
			isa = PBXSourcesBuildPhase;
			buildActionMask = 2147483647;
			files = (
				C6E3126F2426F63800286997 /* AppDelegate.swift in Sources */,
				C6E312712426F63800286997 /* SceneDelegate.swift in Sources */,
				C6E312762426F63800286997 /* ContentView.swift in Sources */,
				C6E312742426F63800286997 /* iOS.xcdatamodeld in Sources */,
			);
			runOnlyForDeploymentPostprocessing = 0;
		};
		C6E312802426F63A00286997 /* Sources */ = {
			isa = PBXSourcesBuildPhase;
			buildActionMask = 2147483647;
			files = (
				C6E312892426F63A00286997 /* iOSTests.swift in Sources */,
			);
			runOnlyForDeploymentPostprocessing = 0;
		};
		C6E3128B2426F63A00286997 /* Sources */ = {
			isa = PBXSourcesBuildPhase;
			buildActionMask = 2147483647;
			files = (
				C6E312942426F63A00286997 /* iOSUITests.swift in Sources */,
			);
			runOnlyForDeploymentPostprocessing = 0;
		};
/* End PBXSourcesBuildPhase section */

/* Begin PBXTargetDependency section */
		C6E312862426F63A00286997 /* PBXTargetDependency */ = {
			isa = PBXTargetDependency;
			target = C6E3126A2426F63800286997 /* iOS */;
			targetProxy = C6E312852426F63A00286997 /* PBXContainerItemProxy */;
		};
		C6E312912426F63A00286997 /* PBXTargetDependency */ = {
			isa = PBXTargetDependency;
			target = C6E3126A2426F63800286997 /* iOS */;
			targetProxy = C6E312902426F63A00286997 /* PBXContainerItemProxy */;
		};
/* End PBXTargetDependency section */

/* Begin PBXVariantGroup section */
		C6E3127C2426F63A00286997 /* LaunchScreen.storyboard */ = {
			isa = PBXVariantGroup;
			children = (
				C6E3127D2426F63A00286997 /* Base */,
			);
			name = LaunchScreen.storyboard;
			sourceTree = "<group>";
		};
/* End PBXVariantGroup section */

/* Begin XCBuildConfiguration section */
		C6E312962426F63A00286997 /* Debug */ = {
			isa = XCBuildConfiguration;
			buildSettings = {
				ALWAYS_SEARCH_USER_PATHS = NO;
				CLANG_ANALYZER_NONNULL = YES;
				CLANG_ANALYZER_NUMBER_OBJECT_CONVERSION = YES_AGGRESSIVE;
				CLANG_CXX_LANGUAGE_STANDARD = "gnu++14";
				CLANG_CXX_LIBRARY = "libc++";
				CLANG_ENABLE_MODULES = YES;
				CLANG_ENABLE_OBJC_ARC = YES;
				CLANG_ENABLE_OBJC_WEAK = YES;
				CLANG_WARN_BLOCK_CAPTURE_AUTORELEASING = YES;
				CLANG_WARN_BOOL_CONVERSION = YES;
				CLANG_WARN_COMMA = YES;
				CLANG_WARN_CONSTANT_CONVERSION = YES;
				CLANG_WARN_DEPRECATED_OBJC_IMPLEMENTATIONS = YES;
				CLANG_WARN_DIRECT_OBJC_ISA_USAGE = YES_ERROR;
				CLANG_WARN_DOCUMENTATION_COMMENTS = YES;
				CLANG_WARN_EMPTY_BODY = YES;
				CLANG_WARN_ENUM_CONVERSION = YES;
				CLANG_WARN_INFINITE_RECURSION = YES;
				CLANG_WARN_INT_CONVERSION = YES;
				CLANG_WARN_NON_LITERAL_NULL_CONVERSION = YES;
				CLANG_WARN_OBJC_IMPLICIT_RETAIN_SELF = YES;
				CLANG_WARN_OBJC_LITERAL_CONVERSION = YES;
				CLANG_WARN_OBJC_ROOT_CLASS = YES_ERROR;
				CLANG_WARN_RANGE_LOOP_ANALYSIS = YES;
				CLANG_WARN_STRICT_PROTOTYPES = YES;
				CLANG_WARN_SUSPICIOUS_MOVE = YES;
				CLANG_WARN_UNGUARDED_AVAILABILITY = YES_AGGRESSIVE;
				CLANG_WARN_UNREACHABLE_CODE = YES;
				CLANG_WARN__DUPLICATE_METHOD_MATCH = YES;
				COPY_PHASE_STRIP = NO;
				DEBUG_INFORMATION_FORMAT = dwarf;
				ENABLE_STRICT_OBJC_MSGSEND = YES;
				ENABLE_TESTABILITY = YES;
				GCC_C_LANGUAGE_STANDARD = gnu11;
				GCC_DYNAMIC_NO_PIC = NO;
				GCC_NO_COMMON_BLOCKS = YES;
				GCC_OPTIMIZATION_LEVEL = 0;
				GCC_PREPROCESSOR_DEFINITIONS = (
					"DEBUG=1",
					"$(inherited)",
				);
				GCC_WARN_64_TO_32_BIT_CONVERSION = YES;
				GCC_WARN_ABOUT_RETURN_TYPE = YES_ERROR;
				GCC_WARN_UNDECLARED_SELECTOR = YES;
				GCC_WARN_UNINITIALIZED_AUTOS = YES_AGGRESSIVE;
				GCC_WARN_UNUSED_FUNCTION = YES;
				GCC_WARN_UNUSED_VARIABLE = YES;
				IPHONEOS_DEPLOYMENT_TARGET = 13.2;
				MTL_ENABLE_DEBUG_INFO = INCLUDE_SOURCE;
				MTL_FAST_MATH = YES;
				ONLY_ACTIVE_ARCH = YES;
				SDKROOT = iphoneos;
				SWIFT_ACTIVE_COMPILATION_CONDITIONS = DEBUG;
				SWIFT_OPTIMIZATION_LEVEL = "-Onone";
			};
			name = Debug;
		};
		C6E312972426F63A00286997 /* Release */ = {
			isa = XCBuildConfiguration;
			buildSettings = {
				ALWAYS_SEARCH_USER_PATHS = NO;
				CLANG_ANALYZER_NONNULL = YES;
				CLANG_ANALYZER_NUMBER_OBJECT_CONVERSION = YES_AGGRESSIVE;
				CLANG_CXX_LANGUAGE_STANDARD = "gnu++14";
				CLANG_CXX_LIBRARY = "libc++";
				CLANG_ENABLE_MODULES = YES;
				CLANG_ENABLE_OBJC_ARC = YES;
				CLANG_ENABLE_OBJC_WEAK = YES;
				CLANG_WARN_BLOCK_CAPTURE_AUTORELEASING = YES;
				CLANG_WARN_BOOL_CONVERSION = YES;
				CLANG_WARN_COMMA = YES;
				CLANG_WARN_CONSTANT_CONVERSION = YES;
				CLANG_WARN_DEPRECATED_OBJC_IMPLEMENTATIONS = YES;
				CLANG_WARN_DIRECT_OBJC_ISA_USAGE = YES_ERROR;
				CLANG_WARN_DOCUMENTATION_COMMENTS = YES;
				CLANG_WARN_EMPTY_BODY = YES;
				CLANG_WARN_ENUM_CONVERSION = YES;
				CLANG_WARN_INFINITE_RECURSION = YES;
				CLANG_WARN_INT_CONVERSION = YES;
				CLANG_WARN_NON_LITERAL_NULL_CONVERSION = YES;
				CLANG_WARN_OBJC_IMPLICIT_RETAIN_SELF = YES;
				CLANG_WARN_OBJC_LITERAL_CONVERSION = YES;
				CLANG_WARN_OBJC_ROOT_CLASS = YES_ERROR;
				CLANG_WARN_RANGE_LOOP_ANALYSIS = YES;
				CLANG_WARN_STRICT_PROTOTYPES = YES;
				CLANG_WARN_SUSPICIOUS_MOVE = YES;
				CLANG_WARN_UNGUARDED_AVAILABILITY = YES_AGGRESSIVE;
				CLANG_WARN_UNREACHABLE_CODE = YES;
				CLANG_WARN__DUPLICATE_METHOD_MATCH = YES;
				COPY_PHASE_STRIP = NO;
				DEBUG_INFORMATION_FORMAT = "dwarf-with-dsym";
				ENABLE_NS_ASSERTIONS = NO;
				ENABLE_STRICT_OBJC_MSGSEND = YES;
				GCC_C_LANGUAGE_STANDARD = gnu11;
				GCC_NO_COMMON_BLOCKS = YES;
				GCC_WARN_64_TO_32_BIT_CONVERSION = YES;
				GCC_WARN_ABOUT_RETURN_TYPE = YES_ERROR;
				GCC_WARN_UNDECLARED_SELECTOR = YES;
				GCC_WARN_UNINITIALIZED_AUTOS = YES_AGGRESSIVE;
				GCC_WARN_UNUSED_FUNCTION = YES;
				GCC_WARN_UNUSED_VARIABLE = YES;
				IPHONEOS_DEPLOYMENT_TARGET = 13.2;
				MTL_ENABLE_DEBUG_INFO = NO;
				MTL_FAST_MATH = YES;
				SDKROOT = iphoneos;
				SWIFT_COMPILATION_MODE = wholemodule;
				SWIFT_OPTIMIZATION_LEVEL = "-O";
				VALIDATE_PRODUCT = YES;
			};
			name = Release;
		};
		C6E312992426F63A00286997 /* Debug */ = {
			isa = XCBuildConfiguration;
			buildSettings = {
				ASSETCATALOG_COMPILER_APPICON_NAME = AppIcon;
				CODE_SIGN_STYLE = Automatic;
				DEVELOPMENT_ASSET_PATHS = "\"iOS/Preview Content\"";
				DEVELOPMENT_TEAM = 5ABN7RGC99;
				ENABLE_PREVIEWS = YES;
				INFOPLIST_FILE = iOS/Info.plist;
				LD_RUNPATH_SEARCH_PATHS = (
					"$(inherited)",
					"@executable_path/Frameworks",
				);
				PRODUCT_BUNDLE_IDENTIFIER = "COVID19-UTEC.iOS";
				PRODUCT_NAME = "$(TARGET_NAME)";
				SWIFT_VERSION = 5.0;
				TARGETED_DEVICE_FAMILY = "1,2";
			};
			name = Debug;
		};
		C6E3129A2426F63A00286997 /* Release */ = {
			isa = XCBuildConfiguration;
			buildSettings = {
				ASSETCATALOG_COMPILER_APPICON_NAME = AppIcon;
				CODE_SIGN_STYLE = Automatic;
				DEVELOPMENT_ASSET_PATHS = "\"iOS/Preview Content\"";
				DEVELOPMENT_TEAM = 5ABN7RGC99;
				ENABLE_PREVIEWS = YES;
				INFOPLIST_FILE = iOS/Info.plist;
				LD_RUNPATH_SEARCH_PATHS = (
					"$(inherited)",
					"@executable_path/Frameworks",
				);
				PRODUCT_BUNDLE_IDENTIFIER = "COVID19-UTEC.iOS";
				PRODUCT_NAME = "$(TARGET_NAME)";
				SWIFT_VERSION = 5.0;
				TARGETED_DEVICE_FAMILY = "1,2";
			};
			name = Release;
		};
		C6E3129C2426F63A00286997 /* Debug */ = {
			isa = XCBuildConfiguration;
			buildSettings = {
				ALWAYS_EMBED_SWIFT_STANDARD_LIBRARIES = YES;
				BUNDLE_LOADER = "$(TEST_HOST)";
				CODE_SIGN_STYLE = Automatic;
				DEVELOPMENT_TEAM = 5ABN7RGC99;
				INFOPLIST_FILE = iOSTests/Info.plist;
				IPHONEOS_DEPLOYMENT_TARGET = 13.2;
				LD_RUNPATH_SEARCH_PATHS = (
					"$(inherited)",
					"@executable_path/Frameworks",
					"@loader_path/Frameworks",
				);
				PRODUCT_BUNDLE_IDENTIFIER = "COVID19-UTEC.iOSTests";
				PRODUCT_NAME = "$(TARGET_NAME)";
				SWIFT_VERSION = 5.0;
				TARGETED_DEVICE_FAMILY = "1,2";
				TEST_HOST = "$(BUILT_PRODUCTS_DIR)/iOS.app/iOS";
			};
			name = Debug;
		};
		C6E3129D2426F63A00286997 /* Release */ = {
			isa = XCBuildConfiguration;
			buildSettings = {
				ALWAYS_EMBED_SWIFT_STANDARD_LIBRARIES = YES;
				BUNDLE_LOADER = "$(TEST_HOST)";
				CODE_SIGN_STYLE = Automatic;
				DEVELOPMENT_TEAM = 5ABN7RGC99;
				INFOPLIST_FILE = iOSTests/Info.plist;
				IPHONEOS_DEPLOYMENT_TARGET = 13.2;
				LD_RUNPATH_SEARCH_PATHS = (
					"$(inherited)",
					"@executable_path/Frameworks",
					"@loader_path/Frameworks",
				);
				PRODUCT_BUNDLE_IDENTIFIER = "COVID19-UTEC.iOSTests";
				PRODUCT_NAME = "$(TARGET_NAME)";
				SWIFT_VERSION = 5.0;
				TARGETED_DEVICE_FAMILY = "1,2";
				TEST_HOST = "$(BUILT_PRODUCTS_DIR)/iOS.app/iOS";
			};
			name = Release;
		};
		C6E3129F2426F63A00286997 /* Debug */ = {
			isa = XCBuildConfiguration;
			buildSettings = {
				ALWAYS_EMBED_SWIFT_STANDARD_LIBRARIES = YES;
				CODE_SIGN_STYLE = Automatic;
				DEVELOPMENT_TEAM = 5ABN7RGC99;
				INFOPLIST_FILE = iOSUITests/Info.plist;
				LD_RUNPATH_SEARCH_PATHS = (
					"$(inherited)",
					"@executable_path/Frameworks",
					"@loader_path/Frameworks",
				);
				PRODUCT_BUNDLE_IDENTIFIER = "COVID19-UTEC.iOSUITests";
				PRODUCT_NAME = "$(TARGET_NAME)";
				SWIFT_VERSION = 5.0;
				TARGETED_DEVICE_FAMILY = "1,2";
				TEST_TARGET_NAME = iOS;
			};
			name = Debug;
		};
		C6E312A02426F63A00286997 /* Release */ = {
			isa = XCBuildConfiguration;
			buildSettings = {
				ALWAYS_EMBED_SWIFT_STANDARD_LIBRARIES = YES;
				CODE_SIGN_STYLE = Automatic;
				DEVELOPMENT_TEAM = 5ABN7RGC99;
				INFOPLIST_FILE = iOSUITests/Info.plist;
				LD_RUNPATH_SEARCH_PATHS = (
					"$(inherited)",
					"@executable_path/Frameworks",
					"@loader_path/Frameworks",
				);
				PRODUCT_BUNDLE_IDENTIFIER = "COVID19-UTEC.iOSUITests";
				PRODUCT_NAME = "$(TARGET_NAME)";
				SWIFT_VERSION = 5.0;
				TARGETED_DEVICE_FAMILY = "1,2";
				TEST_TARGET_NAME = iOS;
			};
			name = Release;
		};
/* End XCBuildConfiguration section */

/* Begin XCConfigurationList section */
		C6E312662426F63800286997 /* Build configuration list for PBXProject "iOS" */ = {
			isa = XCConfigurationList;
			buildConfigurations = (
				C6E312962426F63A00286997 /* Debug */,
				C6E312972426F63A00286997 /* Release */,
			);
			defaultConfigurationIsVisible = 0;
			defaultConfigurationName = Release;
		};
		C6E312982426F63A00286997 /* Build configuration list for PBXNativeTarget "iOS" */ = {
			isa = XCConfigurationList;
			buildConfigurations = (
				C6E312992426F63A00286997 /* Debug */,
				C6E3129A2426F63A00286997 /* Release */,
			);
			defaultConfigurationIsVisible = 0;
			defaultConfigurationName = Release;
		};
		C6E3129B2426F63A00286997 /* Build configuration list for PBXNativeTarget "iOSTests" */ = {
			isa = XCConfigurationList;
			buildConfigurations = (
				C6E3129C2426F63A00286997 /* Debug */,
				C6E3129D2426F63A00286997 /* Release */,
			);
			defaultConfigurationIsVisible = 0;
			defaultConfigurationName = Release;
		};
		C6E3129E2426F63A00286997 /* Build configuration list for PBXNativeTarget "iOSUITests" */ = {
			isa = XCConfigurationList;
			buildConfigurations = (
				C6E3129F2426F63A00286997 /* Debug */,
				C6E312A02426F63A00286997 /* Release */,
			);
			defaultConfigurationIsVisible = 0;
			defaultConfigurationName = Release;
		};
/* End XCConfigurationList section */

/* Begin XCVersionGroup section */
		C6E312722426F63800286997 /* iOS.xcdatamodeld */ = {
			isa = XCVersionGroup;
			children = (
				C6E312732426F63800286997 /* iOS.xcdatamodel */,
			);
			currentVersion = C6E312732426F63800286997 /* iOS.xcdatamodel */;
			path = iOS.xcdatamodeld;
			sourceTree = "<group>";
			versionGroupType = wrapper.xcdatamodel;
		};
/* End XCVersionGroup section */
	};
	rootObject = C6E312632426F63800286997 /* Project object */;
}
